// !$*UTF8*$!
{
	archiveVersion = 1;
	classes = {
	};
	objectVersion = 50;
	objects = {

/* Begin PBXBuildFile section */
		93CB1C02246B015A002877EA /* AppDelegate.swift in Sources */ = {isa = PBXBuildFile; fileRef = 93CB1C01246B015A002877EA /* AppDelegate.swift */; };
		93CB1C04246B015A002877EA /* SceneDelegate.swift in Sources */ = {isa = PBXBuildFile; fileRef = 93CB1C03246B015A002877EA /* SceneDelegate.swift */; };
		93CB1C06246B015A002877EA /* ViewController.swift in Sources */ = {isa = PBXBuildFile; fileRef = 93CB1C05246B015A002877EA /* ViewController.swift */; };
		93CB1C09246B015A002877EA /* Main.storyboard in Resources */ = {isa = PBXBuildFile; fileRef = 93CB1C07246B015A002877EA /* Main.storyboard */; };
		93CB1C0B246B015C002877EA /* Assets.xcassets in Resources */ = {isa = PBXBuildFile; fileRef = 93CB1C0A246B015C002877EA /* Assets.xcassets */; };
		93CB1C0E246B015C002877EA /* LaunchScreen.storyboard in Resources */ = {isa = PBXBuildFile; fileRef = 93CB1C0C246B015C002877EA /* LaunchScreen.storyboard */; };
		93CB1C19246B015D002877EA /* LBG_1Tests.swift in Sources */ = {isa = PBXBuildFile; fileRef = 93CB1C18246B015D002877EA /* LBG_1Tests.swift */; };
		93CB1C24246B015D002877EA /* LBG_1UITests.swift in Sources */ = {isa = PBXBuildFile; fileRef = 93CB1C23246B015D002877EA /* LBG_1UITests.swift */; };
/* End PBXBuildFile section */

/* Begin PBXContainerItemProxy section */
		93CB1C15246B015D002877EA /* PBXContainerItemProxy */ = {
			isa = PBXContainerItemProxy;
			containerPortal = 93CB1BF6246B015A002877EA /* Project object */;
			proxyType = 1;
			remoteGlobalIDString = 93CB1BFD246B015A002877EA;
			remoteInfo = LBG_1;
		};
		93CB1C20246B015D002877EA /* PBXContainerItemProxy */ = {
			isa = PBXContainerItemProxy;
			containerPortal = 93CB1BF6246B015A002877EA /* Project object */;
			proxyType = 1;
			remoteGlobalIDString = 93CB1BFD246B015A002877EA;
			remoteInfo = LBG_1;
		};
/* End PBXContainerItemProxy section */

/* Begin PBXFileReference section */
		93CB1BFE246B015A002877EA /* LBG_1.app */ = {isa = PBXFileReference; explicitFileType = wrapper.application; includeInIndex = 0; path = LBG_1.app; sourceTree = BUILT_PRODUCTS_DIR; };
		93CB1C01246B015A002877EA /* AppDelegate.swift */ = {isa = PBXFileReference; lastKnownFileType = sourcecode.swift; path = AppDelegate.swift; sourceTree = "<group>"; };
		93CB1C03246B015A002877EA /* SceneDelegate.swift */ = {isa = PBXFileReference; lastKnownFileType = sourcecode.swift; path = SceneDelegate.swift; sourceTree = "<group>"; };
		93CB1C05246B015A002877EA /* ViewController.swift */ = {isa = PBXFileReference; lastKnownFileType = sourcecode.swift; path = ViewController.swift; sourceTree = "<group>"; };
		93CB1C08246B015A002877EA /* Base */ = {isa = PBXFileReference; lastKnownFileType = file.storyboard; name = Base; path = Base.lproj/Main.storyboard; sourceTree = "<group>"; };
		93CB1C0A246B015C002877EA /* Assets.xcassets */ = {isa = PBXFileReference; lastKnownFileType = folder.assetcatalog; path = Assets.xcassets; sourceTree = "<group>"; };
		93CB1C0D246B015C002877EA /* Base */ = {isa = PBXFileReference; lastKnownFileType = file.storyboard; name = Base; path = Base.lproj/LaunchScreen.storyboard; sourceTree = "<group>"; };
		93CB1C0F246B015C002877EA /* Info.plist */ = {isa = PBXFileReference; lastKnownFileType = text.plist.xml; path = Info.plist; sourceTree = "<group>"; };
		93CB1C14246B015D002877EA /* LBG_1Tests.xctest */ = {isa = PBXFileReference; explicitFileType = wrapper.cfbundle; includeInIndex = 0; path = LBG_1Tests.xctest; sourceTree = BUILT_PRODUCTS_DIR; };
		93CB1C18246B015D002877EA /* LBG_1Tests.swift */ = {isa = PBXFileReference; lastKnownFileType = sourcecode.swift; path = LBG_1Tests.swift; sourceTree = "<group>"; };
		93CB1C1A246B015D002877EA /* Info.plist */ = {isa = PBXFileReference; lastKnownFileType = text.plist.xml; path = Info.plist; sourceTree = "<group>"; };
		93CB1C1F246B015D002877EA /* LBG_1UITests.xctest */ = {isa = PBXFileReference; explicitFileType = wrapper.cfbundle; includeInIndex = 0; path = LBG_1UITests.xctest; sourceTree = BUILT_PRODUCTS_DIR; };
		93CB1C23246B015D002877EA /* LBG_1UITests.swift */ = {isa = PBXFileReference; lastKnownFileType = sourcecode.swift; path = LBG_1UITests.swift; sourceTree = "<group>"; };
		93CB1C25246B015D002877EA /* Info.plist */ = {isa = PBXFileReference; lastKnownFileType = text.plist.xml; path = Info.plist; sourceTree = "<group>"; };
/* End PBXFileReference section */

/* Begin PBXFrameworksBuildPhase section */
		93CB1BFB246B015A002877EA /* Frameworks */ = {
			isa = PBXFrameworksBuildPhase;
			buildActionMask = 2147483647;
			files = (
			);
			runOnlyForDeploymentPostprocessing = 0;
		};
		93CB1C11246B015D002877EA /* Frameworks */ = {
			isa = PBXFrameworksBuildPhase;
			buildActionMask = 2147483647;
			files = (
			);
			runOnlyForDeploymentPostprocessing = 0;
		};
		93CB1C1C246B015D002877EA /* Frameworks */ = {
			isa = PBXFrameworksBuildPhase;
			buildActionMask = 2147483647;
			files = (
			);
			runOnlyForDeploymentPostprocessing = 0;
		};
/* End PBXFrameworksBuildPhase section */

/* Begin PBXGroup section */
		93CB1BF5246B015A002877EA = {
			isa = PBXGroup;
			children = (
				93CB1C00246B015A002877EA /* LBG_1 */,
				93CB1C17246B015D002877EA /* LBG_1Tests */,
				93CB1C22246B015D002877EA /* LBG_1UITests */,
				93CB1BFF246B015A002877EA /* Products */,
			);
			sourceTree = "<group>";
		};
		93CB1BFF246B015A002877EA /* Products */ = {
			isa = PBXGroup;
			children = (
				93CB1BFE246B015A002877EA /* LBG_1.app */,
				93CB1C14246B015D002877EA /* LBG_1Tests.xctest */,
				93CB1C1F246B015D002877EA /* LBG_1UITests.xctest */,
			);
			name = Products;
			sourceTree = "<group>";
		};
		93CB1C00246B015A002877EA /* LBG_1 */ = {
			isa = PBXGroup;
			children = (
				93CB1C01246B015A002877EA /* AppDelegate.swift */,
				93CB1C03246B015A002877EA /* SceneDelegate.swift */,
				93CB1C05246B015A002877EA /* ViewController.swift */,
				93CB1C07246B015A002877EA /* Main.storyboard */,
				93CB1C0A246B015C002877EA /* Assets.xcassets */,
				93CB1C0C246B015C002877EA /* LaunchScreen.storyboard */,
				93CB1C0F246B015C002877EA /* Info.plist */,
			);
			path = LBG_1;
			sourceTree = "<group>";
		};
		93CB1C17246B015D002877EA /* LBG_1Tests */ = {
			isa = PBXGroup;
			children = (
				93CB1C18246B015D002877EA /* LBG_1Tests.swift */,
				93CB1C1A246B015D002877EA /* Info.plist */,
			);
			path = LBG_1Tests;
			sourceTree = "<group>";
		};
		93CB1C22246B015D002877EA /* LBG_1UITests */ = {
			isa = PBXGroup;
			children = (
				93CB1C23246B015D002877EA /* LBG_1UITests.swift */,
				93CB1C25246B015D002877EA /* Info.plist */,
			);
			path = LBG_1UITests;
			sourceTree = "<group>";
		};
/* End PBXGroup section */

/* Begin PBXNativeTarget section */
		93CB1BFD246B015A002877EA /* LBG_1 */ = {
			isa = PBXNativeTarget;
			buildConfigurationList = 93CB1C28246B015D002877EA /* Build configuration list for PBXNativeTarget "LBG_1" */;
			buildPhases = (
				93CB1BFA246B015A002877EA /* Sources */,
				93CB1BFB246B015A002877EA /* Frameworks */,
				93CB1BFC246B015A002877EA /* Resources */,
			);
			buildRules = (
			);
			dependencies = (
			);
			name = LBG_1;
			productName = LBG_1;
			productReference = 93CB1BFE246B015A002877EA /* LBG_1.app */;
			productType = "com.apple.product-type.application";
		};
		93CB1C13246B015D002877EA /* LBG_1Tests */ = {
			isa = PBXNativeTarget;
			buildConfigurationList = 93CB1C2B246B015D002877EA /* Build configuration list for PBXNativeTarget "LBG_1Tests" */;
			buildPhases = (
				93CB1C10246B015D002877EA /* Sources */,
				93CB1C11246B015D002877EA /* Frameworks */,
				93CB1C12246B015D002877EA /* Resources */,
			);
			buildRules = (
			);
			dependencies = (
				93CB1C16246B015D002877EA /* PBXTargetDependency */,
			);
			name = LBG_1Tests;
			productName = LBG_1Tests;
			productReference = 93CB1C14246B015D002877EA /* LBG_1Tests.xctest */;
			productType = "com.apple.product-type.bundle.unit-test";
		};
		93CB1C1E246B015D002877EA /* LBG_1UITests */ = {
			isa = PBXNativeTarget;
			buildConfigurationList = 93CB1C2E246B015D002877EA /* Build configuration list for PBXNativeTarget "LBG_1UITests" */;
			buildPhases = (
				93CB1C1B246B015D002877EA /* Sources */,
				93CB1C1C246B015D002877EA /* Frameworks */,
				93CB1C1D246B015D002877EA /* Resources */,
			);
			buildRules = (
			);
			dependencies = (
				93CB1C21246B015D002877EA /* PBXTargetDependency */,
			);
			name = LBG_1UITests;
			productName = LBG_1UITests;
			productReference = 93CB1C1F246B015D002877EA /* LBG_1UITests.xctest */;
			productType = "com.apple.product-type.bundle.ui-testing";
		};
/* End PBXNativeTarget section */

/* Begin PBXProject section */
		93CB1BF6246B015A002877EA /* Project object */ = {
			isa = PBXProject;
			attributes = {
				LastSwiftUpdateCheck = 1130;
				LastUpgradeCheck = 1130;
				ORGANIZATIONNAME = SatyaranjanMohapatra;
				TargetAttributes = {
					93CB1BFD246B015A002877EA = {
						CreatedOnToolsVersion = 11.3.1;
					};
					93CB1C13246B015D002877EA = {
						CreatedOnToolsVersion = 11.3.1;
						TestTargetID = 93CB1BFD246B015A002877EA;
					};
					93CB1C1E246B015D002877EA = {
						CreatedOnToolsVersion = 11.3.1;
						TestTargetID = 93CB1BFD246B015A002877EA;
					};
				};
			};
			buildConfigurationList = 93CB1BF9246B015A002877EA /* Build configuration list for PBXProject "LBG_1" */;
			compatibilityVersion = "Xcode 9.3";
			developmentRegion = en;
			hasScannedForEncodings = 0;
			knownRegions = (
				en,
				Base,
			);
			mainGroup = 93CB1BF5246B015A002877EA;
			productRefGroup = 93CB1BFF246B015A002877EA /* Products */;
			projectDirPath = "";
			projectRoot = "";
			targets = (
				93CB1BFD246B015A002877EA /* LBG_1 */,
				93CB1C13246B015D002877EA /* LBG_1Tests */,
				93CB1C1E246B015D002877EA /* LBG_1UITests */,
			);
		};
/* End PBXProject section */

/* Begin PBXResourcesBuildPhase section */
		93CB1BFC246B015A002877EA /* Resources */ = {
			isa = PBXResourcesBuildPhase;
			buildActionMask = 2147483647;
			files = (
				93CB1C0E246B015C002877EA /* LaunchScreen.storyboard in Resources */,
				93CB1C0B246B015C002877EA /* Assets.xcassets in Resources */,
				93CB1C09246B015A002877EA /* Main.storyboard in Resources */,
			);
			runOnlyForDeploymentPostprocessing = 0;
		};
		93CB1C12246B015D002877EA /* Resources */ = {
			isa = PBXResourcesBuildPhase;
			buildActionMask = 2147483647;
			files = (
			);
			runOnlyForDeploymentPostprocessing = 0;
		};
		93CB1C1D246B015D002877EA /* Resources */ = {
			isa = PBXResourcesBuildPhase;
			buildActionMask = 2147483647;
			files = (
			);
			runOnlyForDeploymentPostprocessing = 0;
		};
/* End PBXResourcesBuildPhase section */

/* Begin PBXSourcesBuildPhase section */
		93CB1BFA246B015A002877EA /* Sources */ = {
			isa = PBXSourcesBuildPhase;
			buildActionMask = 2147483647;
			files = (
				93CB1C06246B015A002877EA /* ViewController.swift in Sources */,
				93CB1C02246B015A002877EA /* AppDelegate.swift in Sources */,
				93CB1C04246B015A002877EA /* SceneDelegate.swift in Sources */,
			);
			runOnlyForDeploymentPostprocessing = 0;
		};
		93CB1C10246B015D002877EA /* Sources */ = {
			isa = PBXSourcesBuildPhase;
			buildActionMask = 2147483647;
			files = (
				93CB1C19246B015D002877EA /* LBG_1Tests.swift in Sources */,
			);
			runOnlyForDeploymentPostprocessing = 0;
		};
		93CB1C1B246B015D002877EA /* Sources */ = {
			isa = PBXSourcesBuildPhase;
			buildActionMask = 2147483647;
			files = (
				93CB1C24246B015D002877EA /* LBG_1UITests.swift in Sources */,
			);
			runOnlyForDeploymentPostprocessing = 0;
		};
/* End PBXSourcesBuildPhase section */

/* Begin PBXTargetDependency section */
		93CB1C16246B015D002877EA /* PBXTargetDependency */ = {
			isa = PBXTargetDependency;
			target = 93CB1BFD246B015A002877EA /* LBG_1 */;
			targetProxy = 93CB1C15246B015D002877EA /* PBXContainerItemProxy */;
		};
		93CB1C21246B015D002877EA /* PBXTargetDependency */ = {
			isa = PBXTargetDependency;
			target = 93CB1BFD246B015A002877EA /* LBG_1 */;
			targetProxy = 93CB1C20246B015D002877EA /* PBXContainerItemProxy */;
		};
/* End PBXTargetDependency section */

/* Begin PBXVariantGroup section */
		93CB1C07246B015A002877EA /* Main.storyboard */ = {
			isa = PBXVariantGroup;
			children = (
				93CB1C08246B015A002877EA /* Base */,
			);
			name = Main.storyboard;
			sourceTree = "<group>";
		};
		93CB1C0C246B015C002877EA /* LaunchScreen.storyboard */ = {
			isa = PBXVariantGroup;
			children = (
				93CB1C0D246B015C002877EA /* Base */,
			);
			name = LaunchScreen.storyboard;
			sourceTree = "<group>";
		};
/* End PBXVariantGroup section */

/* Begin XCBuildConfiguration section */
		93CB1C26246B015D002877EA /* Debug */ = {
			isa = XCBuildConfiguration;
			buildSettings = {
				ALWAYS_SEARCH_USER_PATHS = NO;
				CLANG_ANALYZER_NONNULL = YES;
				CLANG_ANALYZER_NUMBER_OBJECT_CONVERSION = YES_AGGRESSIVE;
				CLANG_CXX_LANGUAGE_STANDARD = "gnu++14";
				CLANG_CXX_LIBRARY = "libc++";
				CLANG_ENABLE_MODULES = YES;
				CLANG_ENABLE_OBJC_ARC = YES;
				CLANG_ENABLE_OBJC_WEAK = YES;
				CLANG_WARN_BLOCK_CAPTURE_AUTORELEASING = YES;
				CLANG_WARN_BOOL_CONVERSION = YES;
				CLANG_WARN_COMMA = YES;
				CLANG_WARN_CONSTANT_CONVERSION = YES;
				CLANG_WARN_DEPRECATED_OBJC_IMPLEMENTATIONS = YES;
				CLANG_WARN_DIRECT_OBJC_ISA_USAGE = YES_ERROR;
				CLANG_WARN_DOCUMENTATION_COMMENTS = YES;
				CLANG_WARN_EMPTY_BODY = YES;
				CLANG_WARN_ENUM_CONVERSION = YES;
				CLANG_WARN_INFINITE_RECURSION = YES;
				CLANG_WARN_INT_CONVERSION = YES;
				CLANG_WARN_NON_LITERAL_NULL_CONVERSION = YES;
				CLANG_WARN_OBJC_IMPLICIT_RETAIN_SELF = YES;
				CLANG_WARN_OBJC_LITERAL_CONVERSION = YES;
				CLANG_WARN_OBJC_ROOT_CLASS = YES_ERROR;
				CLANG_WARN_RANGE_LOOP_ANALYSIS = YES;
				CLANG_WARN_STRICT_PROTOTYPES = YES;
				CLANG_WARN_SUSPICIOUS_MOVE = YES;
				CLANG_WARN_UNGUARDED_AVAILABILITY = YES_AGGRESSIVE;
				CLANG_WARN_UNREACHABLE_CODE = YES;
				CLANG_WARN__DUPLICATE_METHOD_MATCH = YES;
				COPY_PHASE_STRIP = NO;
				DEBUG_INFORMATION_FORMAT = dwarf;
				ENABLE_STRICT_OBJC_MSGSEND = YES;
				ENABLE_TESTABILITY = YES;
				GCC_C_LANGUAGE_STANDARD = gnu11;
				GCC_DYNAMIC_NO_PIC = NO;
				GCC_NO_COMMON_BLOCKS = YES;
				GCC_OPTIMIZATION_LEVEL = 0;
				GCC_PREPROCESSOR_DEFINITIONS = (
					"DEBUG=1",
					"$(inherited)",
				);
				GCC_WARN_64_TO_32_BIT_CONVERSION = YES;
				GCC_WARN_ABOUT_RETURN_TYPE = YES_ERROR;
				GCC_WARN_UNDECLARED_SELECTOR = YES;
				GCC_WARN_UNINITIALIZED_AUTOS = YES_AGGRESSIVE;
				GCC_WARN_UNUSED_FUNCTION = YES;
				GCC_WARN_UNUSED_VARIABLE = YES;
				IPHONEOS_DEPLOYMENT_TARGET = 13.2;
				MTL_ENABLE_DEBUG_INFO = INCLUDE_SOURCE;
				MTL_FAST_MATH = YES;
				ONLY_ACTIVE_ARCH = YES;
				SDKROOT = iphoneos;
				SWIFT_ACTIVE_COMPILATION_CONDITIONS = DEBUG;
				SWIFT_OPTIMIZATION_LEVEL = "-Onone";
			};
			name = Debug;
		};
		93CB1C27246B015D002877EA /* Release */ = {
			isa = XCBuildConfiguration;
			buildSettings = {
				ALWAYS_SEARCH_USER_PATHS = NO;
				CLANG_ANALYZER_NONNULL = YES;
				CLANG_ANALYZER_NUMBER_OBJECT_CONVERSION = YES_AGGRESSIVE;
				CLANG_CXX_LANGUAGE_STANDARD = "gnu++14";
				CLANG_CXX_LIBRARY = "libc++";
				CLANG_ENABLE_MODULES = YES;
				CLANG_ENABLE_OBJC_ARC = YES;
				CLANG_ENABLE_OBJC_WEAK = YES;
				CLANG_WARN_BLOCK_CAPTURE_AUTORELEASING = YES;
				CLANG_WARN_BOOL_CONVERSION = YES;
				CLANG_WARN_COMMA = YES;
				CLANG_WARN_CONSTANT_CONVERSION = YES;
				CLANG_WARN_DEPRECATED_OBJC_IMPLEMENTATIONS = YES;
				CLANG_WARN_DIRECT_OBJC_ISA_USAGE = YES_ERROR;
				CLANG_WARN_DOCUMENTATION_COMMENTS = YES;
				CLANG_WARN_EMPTY_BODY = YES;
				CLANG_WARN_ENUM_CONVERSION = YES;
				CLANG_WARN_INFINITE_RECURSION = YES;
				CLANG_WARN_INT_CONVERSION = YES;
				CLANG_WARN_NON_LITERAL_NULL_CONVERSION = YES;
				CLANG_WARN_OBJC_IMPLICIT_RETAIN_SELF = YES;
				CLANG_WARN_OBJC_LITERAL_CONVERSION = YES;
				CLANG_WARN_OBJC_ROOT_CLASS = YES_ERROR;
				CLANG_WARN_RANGE_LOOP_ANALYSIS = YES;
				CLANG_WARN_STRICT_PROTOTYPES = YES;
				CLANG_WARN_SUSPICIOUS_MOVE = YES;
				CLANG_WARN_UNGUARDED_AVAILABILITY = YES_AGGRESSIVE;
				CLANG_WARN_UNREACHABLE_CODE = YES;
				CLANG_WARN__DUPLICATE_METHOD_MATCH = YES;
				COPY_PHASE_STRIP = NO;
				DEBUG_INFORMATION_FORMAT = "dwarf-with-dsym";
				ENABLE_NS_ASSERTIONS = NO;
				ENABLE_STRICT_OBJC_MSGSEND = YES;
				GCC_C_LANGUAGE_STANDARD = gnu11;
				GCC_NO_COMMON_BLOCKS = YES;
				GCC_WARN_64_TO_32_BIT_CONVERSION = YES;
				GCC_WARN_ABOUT_RETURN_TYPE = YES_ERROR;
				GCC_WARN_UNDECLARED_SELECTOR = YES;
				GCC_WARN_UNINITIALIZED_AUTOS = YES_AGGRESSIVE;
				GCC_WARN_UNUSED_FUNCTION = YES;
				GCC_WARN_UNUSED_VARIABLE = YES;
				IPHONEOS_DEPLOYMENT_TARGET = 13.2;
				MTL_ENABLE_DEBUG_INFO = NO;
				MTL_FAST_MATH = YES;
				SDKROOT = iphoneos;
				SWIFT_COMPILATION_MODE = wholemodule;
				SWIFT_OPTIMIZATION_LEVEL = "-O";
				VALIDATE_PRODUCT = YES;
			};
			name = Release;
		};
		93CB1C29246B015D002877EA /* Debug */ = {
			isa = XCBuildConfiguration;
			buildSettings = {
				ASSETCATALOG_COMPILER_APPICON_NAME = AppIcon;
				CODE_SIGN_STYLE = Automatic;
				INFOPLIST_FILE = LBG_1/Info.plist;
				LD_RUNPATH_SEARCH_PATHS = (
					"$(inherited)",
					"@executable_path/Frameworks",
				);
				PRODUCT_BUNDLE_IDENTIFIER = "SatyaranjanMohapatra.LBG-1";
				PRODUCT_NAME = "$(TARGET_NAME)";
				SWIFT_VERSION = 5.0;
				TARGETED_DEVICE_FAMILY = "1,2";
			};
			name = Debug;
		};
		93CB1C2A246B015D002877EA /* Release */ = {
			isa = XCBuildConfiguration;
			buildSettings = {
				ASSETCATALOG_COMPILER_APPICON_NAME = AppIcon;
				CODE_SIGN_STYLE = Automatic;
				INFOPLIST_FILE = LBG_1/Info.plist;
				LD_RUNPATH_SEARCH_PATHS = (
					"$(inherited)",
					"@executable_path/Frameworks",
				);
				PRODUCT_BUNDLE_IDENTIFIER = "SatyaranjanMohapatra.LBG-1";
				PRODUCT_NAME = "$(TARGET_NAME)";
				SWIFT_VERSION = 5.0;
				TARGETED_DEVICE_FAMILY = "1,2";
			};
			name = Release;
		};
		93CB1C2C246B015D002877EA /* Debug */ = {
			isa = XCBuildConfiguration;
			buildSettings = {
				ALWAYS_EMBED_SWIFT_STANDARD_LIBRARIES = YES;
				BUNDLE_LOADER = "$(TEST_HOST)";
				CODE_SIGN_STYLE = Automatic;
				INFOPLIST_FILE = LBG_1Tests/Info.plist;
				IPHONEOS_DEPLOYMENT_TARGET = 13.2;
				LD_RUNPATH_SEARCH_PATHS = (
					"$(inherited)",
					"@executable_path/Frameworks",
					"@loader_path/Frameworks",
				);
				PRODUCT_BUNDLE_IDENTIFIER = "SatyaranjanMohapatra.LBG-1Tests";
				PRODUCT_NAME = "$(TARGET_NAME)";
				SWIFT_VERSION = 5.0;
				TARGETED_DEVICE_FAMILY = "1,2";
				TEST_HOST = "$(BUILT_PRODUCTS_DIR)/LBG_1.app/LBG_1";
			};
			name = Debug;
		};
		93CB1C2D246B015D002877EA /* Release */ = {
			isa = XCBuildConfiguration;
			buildSettings = {
				ALWAYS_EMBED_SWIFT_STANDARD_LIBRARIES = YES;
				BUNDLE_LOADER = "$(TEST_HOST)";
				CODE_SIGN_STYLE = Automatic;
				INFOPLIST_FILE = LBG_1Tests/Info.plist;
				IPHONEOS_DEPLOYMENT_TARGET = 13.2;
				LD_RUNPATH_SEARCH_PATHS = (
					"$(inherited)",
					"@executable_path/Frameworks",
					"@loader_path/Frameworks",
				);
				PRODUCT_BUNDLE_IDENTIFIER = "SatyaranjanMohapatra.LBG-1Tests";
				PRODUCT_NAME = "$(TARGET_NAME)";
				SWIFT_VERSION = 5.0;
				TARGETED_DEVICE_FAMILY = "1,2";
				TEST_HOST = "$(BUILT_PRODUCTS_DIR)/LBG_1.app/LBG_1";
			};
			name = Release;
		};
		93CB1C2F246B015D002877EA /* Debug */ = {
			isa = XCBuildConfiguration;
			buildSettings = {
				ALWAYS_EMBED_SWIFT_STANDARD_LIBRARIES = YES;
				CODE_SIGN_STYLE = Automatic;
				INFOPLIST_FILE = LBG_1UITests/Info.plist;
				LD_RUNPATH_SEARCH_PATHS = (
					"$(inherited)",
					"@executable_path/Frameworks",
					"@loader_path/Frameworks",
				);
				PRODUCT_BUNDLE_IDENTIFIER = "SatyaranjanMohapatra.LBG-1UITests";
				PRODUCT_NAME = "$(TARGET_NAME)";
				SWIFT_VERSION = 5.0;
				TARGETED_DEVICE_FAMILY = "1,2";
				TEST_TARGET_NAME = LBG_1;
			};
			name = Debug;
		};
		93CB1C30246B015D002877EA /* Release */ = {
			isa = XCBuildConfiguration;
			buildSettings = {
				ALWAYS_EMBED_SWIFT_STANDARD_LIBRARIES = YES;
				CODE_SIGN_STYLE = Automatic;
				INFOPLIST_FILE = LBG_1UITests/Info.plist;
				LD_RUNPATH_SEARCH_PATHS = (
					"$(inherited)",
					"@executable_path/Frameworks",
					"@loader_path/Frameworks",
				);
				PRODUCT_BUNDLE_IDENTIFIER = "SatyaranjanMohapatra.LBG-1UITests";
				PRODUCT_NAME = "$(TARGET_NAME)";
				SWIFT_VERSION = 5.0;
				TARGETED_DEVICE_FAMILY = "1,2";
				TEST_TARGET_NAME = LBG_1;
			};
			name = Release;
		};
/* End XCBuildConfiguration section */

/* Begin XCConfigurationList section */
		93CB1BF9246B015A002877EA /* Build configuration list for PBXProject "LBG_1" */ = {
			isa = XCConfigurationList;
			buildConfigurations = (
				93CB1C26246B015D002877EA /* Debug */,
				93CB1C27246B015D002877EA /* Release */,
			);
			defaultConfigurationIsVisible = 0;
			defaultConfigurationName = Release;
		};
		93CB1C28246B015D002877EA /* Build configuration list for PBXNativeTarget "LBG_1" */ = {
			isa = XCConfigurationList;
			buildConfigurations = (
				93CB1C29246B015D002877EA /* Debug */,
				93CB1C2A246B015D002877EA /* Release */,
			);
			defaultConfigurationIsVisible = 0;
			defaultConfigurationName = Release;
		};
		93CB1C2B246B015D002877EA /* Build configuration list for PBXNativeTarget "LBG_1Tests" */ = {
			isa = XCConfigurationList;
			buildConfigurations = (
				93CB1C2C246B015D002877EA /* Debug */,
				93CB1C2D246B015D002877EA /* Release */,
			);
			defaultConfigurationIsVisible = 0;
			defaultConfigurationName = Release;
		};
		93CB1C2E246B015D002877EA /* Build configuration list for PBXNativeTarget "LBG_1UITests" */ = {
			isa = XCConfigurationList;
			buildConfigurations = (
				93CB1C2F246B015D002877EA /* Debug */,
				93CB1C30246B015D002877EA /* Release */,
			);
			defaultConfigurationIsVisible = 0;
			defaultConfigurationName = Release;
		};
/* End XCConfigurationList section */
	};
	rootObject = 93CB1BF6246B015A002877EA /* Project object */;
}
